
Microsoft Visual Studio Solution File, Format Version 12.00
# Visual Studio 15
VisualStudioVersion = 15.0.28307.421
MinimumVisualStudioVersion = 10.0.40219.1
Project("{FAE04EC0-301F-11D3-BF4B-00C04F79EFBC}") = "SnowCalc", "SnowCalc\SnowCalc.csproj", "{279E01AE-615F-4167-95AE-A0337E8201F0}"
EndProject
Global
	GlobalSection(SolutionConfigurationPlatforms) = preSolution
		Debug|Any CPU = Debug|Any CPU
		Release|Any CPU = Release|Any CPU
	EndGlobalSection
	GlobalSection(ProjectConfigurationPlatforms) = postSolution
		{279E01AE-615F-4167-95AE-A0337E8201F0}.Debug|Any CPU.ActiveCfg = Debug|Any CPU
		{279E01AE-615F-4167-95AE-A0337E8201F0}.Debug|Any CPU.Build.0 = Debug|Any CPU
		{279E01AE-615F-4167-95AE-A0337E8201F0}.Release|Any CPU.ActiveCfg = Release|Any CPU
		{279E01AE-615F-4167-95AE-A0337E8201F0}.Release|Any CPU.Build.0 = Release|Any CPU
	EndGlobalSection
	GlobalSection(SolutionProperties) = preSolution
		HideSolutionNode = FALSE
	EndGlobalSection
	GlobalSection(ExtensibilityGlobals) = postSolution
		SolutionGuid = {0B8C43C6-42EC-41EC-AF08-258A077958DC}
	EndGlobalSection
EndGlobal
